
Microsoft Visual Studio Solution File, Format Version 12.00
# Visual Studio Version 17
VisualStudioVersion = 17.3.32825.248
MinimumVisualStudioVersion = 10.0.40219.1
Project("{FAE04EC0-301F-11D3-BF4B-00C04F79EFBC}") = "Jeuxdée", "Jeuxdée\Jeuxdée.csproj", "{1131851C-C594-447A-AB62-F51ADF451CC5}"
EndProject
Global
	GlobalSection(SolutionConfigurationPlatforms) = preSolution
		Debug|Any CPU = Debug|Any CPU
		Release|Any CPU = Release|Any CPU
	EndGlobalSection
	GlobalSection(ProjectConfigurationPlatforms) = postSolution
		{1131851C-C594-447A-AB62-F51ADF451CC5}.Debug|Any CPU.ActiveCfg = Debug|Any CPU
		{1131851C-C594-447A-AB62-F51ADF451CC5}.Debug|Any CPU.Build.0 = Debug|Any CPU
		{1131851C-C594-447A-AB62-F51ADF451CC5}.Release|Any CPU.ActiveCfg = Release|Any CPU
		{1131851C-C594-447A-AB62-F51ADF451CC5}.Release|Any CPU.Build.0 = Release|Any CPU
	EndGlobalSection
	GlobalSection(SolutionProperties) = preSolution
		HideSolutionNode = FALSE
	EndGlobalSection
	GlobalSection(ExtensibilityGlobals) = postSolution
		SolutionGuid = {58E377BD-81D0-4EFA-BEE4-D6628E09E77E}
	EndGlobalSection
EndGlobal
